// !$*UTF8*$!
{
	archiveVersion = 1;
	classes = {
	};
	objectVersion = 55;
	objects = {

/* Begin PBXBuildFile section */
		53E8F27B273DBC4E00BAEF00 /* AppDelegate.swift in Sources */ = {isa = PBXBuildFile; fileRef = 53E8F27A273DBC4E00BAEF00 /* AppDelegate.swift */; };
		53E8F27D273DBC4E00BAEF00 /* SceneDelegate.swift in Sources */ = {isa = PBXBuildFile; fileRef = 53E8F27C273DBC4E00BAEF00 /* SceneDelegate.swift */; };
		53E8F27F273DBC4E00BAEF00 /* ViewController.swift in Sources */ = {isa = PBXBuildFile; fileRef = 53E8F27E273DBC4E00BAEF00 /* ViewController.swift */; };
		53E8F282273DBC4E00BAEF00 /* Main.storyboard in Resources */ = {isa = PBXBuildFile; fileRef = 53E8F280273DBC4E00BAEF00 /* Main.storyboard */; };
		53E8F284273DBC5200BAEF00 /* Assets.xcassets in Resources */ = {isa = PBXBuildFile; fileRef = 53E8F283273DBC5200BAEF00 /* Assets.xcassets */; };
		53E8F287273DBC5200BAEF00 /* LaunchScreen.storyboard in Resources */ = {isa = PBXBuildFile; fileRef = 53E8F285273DBC5200BAEF00 /* LaunchScreen.storyboard */; };
		53E8F292273DBC5300BAEF00 /* journalTests.swift in Sources */ = {isa = PBXBuildFile; fileRef = 53E8F291273DBC5300BAEF00 /* journalTests.swift */; };
		53E8F29C273DBC5300BAEF00 /* journalUITests.swift in Sources */ = {isa = PBXBuildFile; fileRef = 53E8F29B273DBC5300BAEF00 /* journalUITests.swift */; };
		53E8F29E273DBC5300BAEF00 /* journalUITestsLaunchTests.swift in Sources */ = {isa = PBXBuildFile; fileRef = 53E8F29D273DBC5300BAEF00 /* journalUITestsLaunchTests.swift */; };
/* End PBXBuildFile section */

/* Begin PBXContainerItemProxy section */
		53E8F28E273DBC5300BAEF00 /* PBXContainerItemProxy */ = {
			isa = PBXContainerItemProxy;
			containerPortal = 53E8F26F273DBC4E00BAEF00 /* Project object */;
			proxyType = 1;
			remoteGlobalIDString = 53E8F276273DBC4E00BAEF00;
			remoteInfo = journal;
		};
		53E8F298273DBC5300BAEF00 /* PBXContainerItemProxy */ = {
			isa = PBXContainerItemProxy;
			containerPortal = 53E8F26F273DBC4E00BAEF00 /* Project object */;
			proxyType = 1;
			remoteGlobalIDString = 53E8F276273DBC4E00BAEF00;
			remoteInfo = journal;
		};
/* End PBXContainerItemProxy section */

/* Begin PBXFileReference section */
		53E8F277273DBC4E00BAEF00 /* journal.app */ = {isa = PBXFileReference; explicitFileType = wrapper.application; includeInIndex = 0; path = journal.app; sourceTree = BUILT_PRODUCTS_DIR; };
		53E8F27A273DBC4E00BAEF00 /* AppDelegate.swift */ = {isa = PBXFileReference; lastKnownFileType = sourcecode.swift; path = AppDelegate.swift; sourceTree = "<group>"; };
		53E8F27C273DBC4E00BAEF00 /* SceneDelegate.swift */ = {isa = PBXFileReference; lastKnownFileType = sourcecode.swift; path = SceneDelegate.swift; sourceTree = "<group>"; };
		53E8F27E273DBC4E00BAEF00 /* ViewController.swift */ = {isa = PBXFileReference; lastKnownFileType = sourcecode.swift; path = ViewController.swift; sourceTree = "<group>"; };
		53E8F281273DBC4E00BAEF00 /* Base */ = {isa = PBXFileReference; lastKnownFileType = file.storyboard; name = Base; path = Base.lproj/Main.storyboard; sourceTree = "<group>"; };
		53E8F283273DBC5200BAEF00 /* Assets.xcassets */ = {isa = PBXFileReference; lastKnownFileType = folder.assetcatalog; path = Assets.xcassets; sourceTree = "<group>"; };
		53E8F286273DBC5200BAEF00 /* Base */ = {isa = PBXFileReference; lastKnownFileType = file.storyboard; name = Base; path = Base.lproj/LaunchScreen.storyboard; sourceTree = "<group>"; };
		53E8F288273DBC5200BAEF00 /* Info.plist */ = {isa = PBXFileReference; lastKnownFileType = text.plist.xml; path = Info.plist; sourceTree = "<group>"; };
		53E8F28D273DBC5300BAEF00 /* journalTests.xctest */ = {isa = PBXFileReference; explicitFileType = wrapper.cfbundle; includeInIndex = 0; path = journalTests.xctest; sourceTree = BUILT_PRODUCTS_DIR; };
		53E8F291273DBC5300BAEF00 /* journalTests.swift */ = {isa = PBXFileReference; lastKnownFileType = sourcecode.swift; path = journalTests.swift; sourceTree = "<group>"; };
		53E8F297273DBC5300BAEF00 /* journalUITests.xctest */ = {isa = PBXFileReference; explicitFileType = wrapper.cfbundle; includeInIndex = 0; path = journalUITests.xctest; sourceTree = BUILT_PRODUCTS_DIR; };
		53E8F29B273DBC5300BAEF00 /* journalUITests.swift */ = {isa = PBXFileReference; lastKnownFileType = sourcecode.swift; path = journalUITests.swift; sourceTree = "<group>"; };
		53E8F29D273DBC5300BAEF00 /* journalUITestsLaunchTests.swift */ = {isa = PBXFileReference; lastKnownFileType = sourcecode.swift; path = journalUITestsLaunchTests.swift; sourceTree = "<group>"; };
/* End PBXFileReference section */

/* Begin PBXFrameworksBuildPhase section */
		53E8F274273DBC4E00BAEF00 /* Frameworks */ = {
			isa = PBXFrameworksBuildPhase;
			buildActionMask = 2147483647;
			files = (
			);
			runOnlyForDeploymentPostprocessing = 0;
		};
		53E8F28A273DBC5300BAEF00 /* Frameworks */ = {
			isa = PBXFrameworksBuildPhase;
			buildActionMask = 2147483647;
			files = (
			);
			runOnlyForDeploymentPostprocessing = 0;
		};
		53E8F294273DBC5300BAEF00 /* Frameworks */ = {
			isa = PBXFrameworksBuildPhase;
			buildActionMask = 2147483647;
			files = (
			);
			runOnlyForDeploymentPostprocessing = 0;
		};
/* End PBXFrameworksBuildPhase section */

/* Begin PBXGroup section */
		53E8F26E273DBC4E00BAEF00 = {
			isa = PBXGroup;
			children = (
				53E8F279273DBC4E00BAEF00 /* journal */,
				53E8F290273DBC5300BAEF00 /* journalTests */,
				53E8F29A273DBC5300BAEF00 /* journalUITests */,
				53E8F278273DBC4E00BAEF00 /* Products */,
			);
			sourceTree = "<group>";
		};
		53E8F278273DBC4E00BAEF00 /* Products */ = {
			isa = PBXGroup;
			children = (
				53E8F277273DBC4E00BAEF00 /* journal.app */,
				53E8F28D273DBC5300BAEF00 /* journalTests.xctest */,
				53E8F297273DBC5300BAEF00 /* journalUITests.xctest */,
			);
			name = Products;
			sourceTree = "<group>";
		};
		53E8F279273DBC4E00BAEF00 /* journal */ = {
			isa = PBXGroup;
			children = (
				53E8F27A273DBC4E00BAEF00 /* AppDelegate.swift */,
				53E8F27C273DBC4E00BAEF00 /* SceneDelegate.swift */,
				53E8F27E273DBC4E00BAEF00 /* ViewController.swift */,
				53E8F280273DBC4E00BAEF00 /* Main.storyboard */,
				53E8F283273DBC5200BAEF00 /* Assets.xcassets */,
				53E8F285273DBC5200BAEF00 /* LaunchScreen.storyboard */,
				53E8F288273DBC5200BAEF00 /* Info.plist */,
			);
			path = journal;
			sourceTree = "<group>";
		};
		53E8F290273DBC5300BAEF00 /* journalTests */ = {
			isa = PBXGroup;
			children = (
				53E8F291273DBC5300BAEF00 /* journalTests.swift */,
			);
			path = journalTests;
			sourceTree = "<group>";
		};
		53E8F29A273DBC5300BAEF00 /* journalUITests */ = {
			isa = PBXGroup;
			children = (
				53E8F29B273DBC5300BAEF00 /* journalUITests.swift */,
				53E8F29D273DBC5300BAEF00 /* journalUITestsLaunchTests.swift */,
			);
			path = journalUITests;
			sourceTree = "<group>";
		};
/* End PBXGroup section */

/* Begin PBXNativeTarget section */
		53E8F276273DBC4E00BAEF00 /* journal */ = {
			isa = PBXNativeTarget;
			buildConfigurationList = 53E8F2A1273DBC5300BAEF00 /* Build configuration list for PBXNativeTarget "journal" */;
			buildPhases = (
				53E8F273273DBC4E00BAEF00 /* Sources */,
				53E8F274273DBC4E00BAEF00 /* Frameworks */,
				53E8F275273DBC4E00BAEF00 /* Resources */,
			);
			buildRules = (
			);
			dependencies = (
			);
			name = journal;
			productName = journal;
			productReference = 53E8F277273DBC4E00BAEF00 /* journal.app */;
			productType = "com.apple.product-type.application";
		};
		53E8F28C273DBC5300BAEF00 /* journalTests */ = {
			isa = PBXNativeTarget;
			buildConfigurationList = 53E8F2A4273DBC5300BAEF00 /* Build configuration list for PBXNativeTarget "journalTests" */;
			buildPhases = (
				53E8F289273DBC5300BAEF00 /* Sources */,
				53E8F28A273DBC5300BAEF00 /* Frameworks */,
				53E8F28B273DBC5300BAEF00 /* Resources */,
			);
			buildRules = (
			);
			dependencies = (
				53E8F28F273DBC5300BAEF00 /* PBXTargetDependency */,
			);
			name = journalTests;
			productName = journalTests;
			productReference = 53E8F28D273DBC5300BAEF00 /* journalTests.xctest */;
			productType = "com.apple.product-type.bundle.unit-test";
		};
		53E8F296273DBC5300BAEF00 /* journalUITests */ = {
			isa = PBXNativeTarget;
			buildConfigurationList = 53E8F2A7273DBC5300BAEF00 /* Build configuration list for PBXNativeTarget "journalUITests" */;
			buildPhases = (
				53E8F293273DBC5300BAEF00 /* Sources */,
				53E8F294273DBC5300BAEF00 /* Frameworks */,
				53E8F295273DBC5300BAEF00 /* Resources */,
			);
			buildRules = (
			);
			dependencies = (
				53E8F299273DBC5300BAEF00 /* PBXTargetDependency */,
			);
			name = journalUITests;
			productName = journalUITests;
			productReference = 53E8F297273DBC5300BAEF00 /* journalUITests.xctest */;
			productType = "com.apple.product-type.bundle.ui-testing";
		};
/* End PBXNativeTarget section */

/* Begin PBXProject section */
		53E8F26F273DBC4E00BAEF00 /* Project object */ = {
			isa = PBXProject;
			attributes = {
				BuildIndependentTargetsInParallel = 1;
				LastSwiftUpdateCheck = 1310;
				LastUpgradeCheck = 1310;
				TargetAttributes = {
					53E8F276273DBC4E00BAEF00 = {
						CreatedOnToolsVersion = 13.1;
					};
					53E8F28C273DBC5300BAEF00 = {
						CreatedOnToolsVersion = 13.1;
						TestTargetID = 53E8F276273DBC4E00BAEF00;
					};
					53E8F296273DBC5300BAEF00 = {
						CreatedOnToolsVersion = 13.1;
						TestTargetID = 53E8F276273DBC4E00BAEF00;
					};
				};
			};
			buildConfigurationList = 53E8F272273DBC4E00BAEF00 /* Build configuration list for PBXProject "journal" */;
			compatibilityVersion = "Xcode 13.0";
			developmentRegion = en;
			hasScannedForEncodings = 0;
			knownRegions = (
				en,
				Base,
			);
			mainGroup = 53E8F26E273DBC4E00BAEF00;
			productRefGroup = 53E8F278273DBC4E00BAEF00 /* Products */;
			projectDirPath = "";
			projectRoot = "";
			targets = (
				53E8F276273DBC4E00BAEF00 /* journal */,
				53E8F28C273DBC5300BAEF00 /* journalTests */,
				53E8F296273DBC5300BAEF00 /* journalUITests */,
			);
		};
/* End PBXProject section */

/* Begin PBXResourcesBuildPhase section */
		53E8F275273DBC4E00BAEF00 /* Resources */ = {
			isa = PBXResourcesBuildPhase;
			buildActionMask = 2147483647;
			files = (
				53E8F287273DBC5200BAEF00 /* LaunchScreen.storyboard in Resources */,
				53E8F284273DBC5200BAEF00 /* Assets.xcassets in Resources */,
				53E8F282273DBC4E00BAEF00 /* Main.storyboard in Resources */,
			);
			runOnlyForDeploymentPostprocessing = 0;
		};
		53E8F28B273DBC5300BAEF00 /* Resources */ = {
			isa = PBXResourcesBuildPhase;
			buildActionMask = 2147483647;
			files = (
			);
			runOnlyForDeploymentPostprocessing = 0;
		};
		53E8F295273DBC5300BAEF00 /* Resources */ = {
			isa = PBXResourcesBuildPhase;
			buildActionMask = 2147483647;
			files = (
			);
			runOnlyForDeploymentPostprocessing = 0;
		};
/* End PBXResourcesBuildPhase section */

/* Begin PBXSourcesBuildPhase section */
		53E8F273273DBC4E00BAEF00 /* Sources */ = {
			isa = PBXSourcesBuildPhase;
			buildActionMask = 2147483647;
			files = (
				53E8F27F273DBC4E00BAEF00 /* ViewController.swift in Sources */,
				53E8F27B273DBC4E00BAEF00 /* AppDelegate.swift in Sources */,
				53E8F27D273DBC4E00BAEF00 /* SceneDelegate.swift in Sources */,
			);
			runOnlyForDeploymentPostprocessing = 0;
		};
		53E8F289273DBC5300BAEF00 /* Sources */ = {
			isa = PBXSourcesBuildPhase;
			buildActionMask = 2147483647;
			files = (
				53E8F292273DBC5300BAEF00 /* journalTests.swift in Sources */,
			);
			runOnlyForDeploymentPostprocessing = 0;
		};
		53E8F293273DBC5300BAEF00 /* Sources */ = {
			isa = PBXSourcesBuildPhase;
			buildActionMask = 2147483647;
			files = (
				53E8F29E273DBC5300BAEF00 /* journalUITestsLaunchTests.swift in Sources */,
				53E8F29C273DBC5300BAEF00 /* journalUITests.swift in Sources */,
			);
			runOnlyForDeploymentPostprocessing = 0;
		};
/* End PBXSourcesBuildPhase section */

/* Begin PBXTargetDependency section */
		53E8F28F273DBC5300BAEF00 /* PBXTargetDependency */ = {
			isa = PBXTargetDependency;
			target = 53E8F276273DBC4E00BAEF00 /* journal */;
			targetProxy = 53E8F28E273DBC5300BAEF00 /* PBXContainerItemProxy */;
		};
		53E8F299273DBC5300BAEF00 /* PBXTargetDependency */ = {
			isa = PBXTargetDependency;
			target = 53E8F276273DBC4E00BAEF00 /* journal */;
			targetProxy = 53E8F298273DBC5300BAEF00 /* PBXContainerItemProxy */;
		};
/* End PBXTargetDependency section */

/* Begin PBXVariantGroup section */
		53E8F280273DBC4E00BAEF00 /* Main.storyboard */ = {
			isa = PBXVariantGroup;
			children = (
				53E8F281273DBC4E00BAEF00 /* Base */,
			);
			name = Main.storyboard;
			sourceTree = "<group>";
		};
		53E8F285273DBC5200BAEF00 /* LaunchScreen.storyboard */ = {
			isa = PBXVariantGroup;
			children = (
				53E8F286273DBC5200BAEF00 /* Base */,
			);
			name = LaunchScreen.storyboard;
			sourceTree = "<group>";
		};
/* End PBXVariantGroup section */

/* Begin XCBuildConfiguration section */
		53E8F29F273DBC5300BAEF00 /* Debug */ = {
			isa = XCBuildConfiguration;
			buildSettings = {
				ALWAYS_SEARCH_USER_PATHS = NO;
				CLANG_ANALYZER_NONNULL = YES;
				CLANG_ANALYZER_NUMBER_OBJECT_CONVERSION = YES_AGGRESSIVE;
				CLANG_CXX_LANGUAGE_STANDARD = "gnu++17";
				CLANG_CXX_LIBRARY = "libc++";
				CLANG_ENABLE_MODULES = YES;
				CLANG_ENABLE_OBJC_ARC = YES;
				CLANG_ENABLE_OBJC_WEAK = YES;
				CLANG_WARN_BLOCK_CAPTURE_AUTORELEASING = YES;
				CLANG_WARN_BOOL_CONVERSION = YES;
				CLANG_WARN_COMMA = YES;
				CLANG_WARN_CONSTANT_CONVERSION = YES;
				CLANG_WARN_DEPRECATED_OBJC_IMPLEMENTATIONS = YES;
				CLANG_WARN_DIRECT_OBJC_ISA_USAGE = YES_ERROR;
				CLANG_WARN_DOCUMENTATION_COMMENTS = YES;
				CLANG_WARN_EMPTY_BODY = YES;
				CLANG_WARN_ENUM_CONVERSION = YES;
				CLANG_WARN_INFINITE_RECURSION = YES;
				CLANG_WARN_INT_CONVERSION = YES;
				CLANG_WARN_NON_LITERAL_NULL_CONVERSION = YES;
				CLANG_WARN_OBJC_IMPLICIT_RETAIN_SELF = YES;
				CLANG_WARN_OBJC_LITERAL_CONVERSION = YES;
				CLANG_WARN_OBJC_ROOT_CLASS = YES_ERROR;
				CLANG_WARN_QUOTED_INCLUDE_IN_FRAMEWORK_HEADER = YES;
				CLANG_WARN_RANGE_LOOP_ANALYSIS = YES;
				CLANG_WARN_STRICT_PROTOTYPES = YES;
				CLANG_WARN_SUSPICIOUS_MOVE = YES;
				CLANG_WARN_UNGUARDED_AVAILABILITY = YES_AGGRESSIVE;
				CLANG_WARN_UNREACHABLE_CODE = YES;
				CLANG_WARN__DUPLICATE_METHOD_MATCH = YES;
				COPY_PHASE_STRIP = NO;
				DEBUG_INFORMATION_FORMAT = dwarf;
				ENABLE_STRICT_OBJC_MSGSEND = YES;
				ENABLE_TESTABILITY = YES;
				GCC_C_LANGUAGE_STANDARD = gnu11;
				GCC_DYNAMIC_NO_PIC = NO;
				GCC_NO_COMMON_BLOCKS = YES;
				GCC_OPTIMIZATION_LEVEL = 0;
				GCC_PREPROCESSOR_DEFINITIONS = (
					"DEBUG=1",
					"$(inherited)",
				);
				GCC_WARN_64_TO_32_BIT_CONVERSION = YES;
				GCC_WARN_ABOUT_RETURN_TYPE = YES_ERROR;
				GCC_WARN_UNDECLARED_SELECTOR = YES;
				GCC_WARN_UNINITIALIZED_AUTOS = YES_AGGRESSIVE;
				GCC_WARN_UNUSED_FUNCTION = YES;
				GCC_WARN_UNUSED_VARIABLE = YES;
				IPHONEOS_DEPLOYMENT_TARGET = 15.0;
				MTL_ENABLE_DEBUG_INFO = INCLUDE_SOURCE;
				MTL_FAST_MATH = YES;
				ONLY_ACTIVE_ARCH = YES;
				SDKROOT = iphoneos;
				SWIFT_ACTIVE_COMPILATION_CONDITIONS = DEBUG;
				SWIFT_OPTIMIZATION_LEVEL = "-Onone";
			};
			name = Debug;
		};
		53E8F2A0273DBC5300BAEF00 /* Release */ = {
			isa = XCBuildConfiguration;
			buildSettings = {
				ALWAYS_SEARCH_USER_PATHS = NO;
				CLANG_ANALYZER_NONNULL = YES;
				CLANG_ANALYZER_NUMBER_OBJECT_CONVERSION = YES_AGGRESSIVE;
				CLANG_CXX_LANGUAGE_STANDARD = "gnu++17";
				CLANG_CXX_LIBRARY = "libc++";
				CLANG_ENABLE_MODULES = YES;
				CLANG_ENABLE_OBJC_ARC = YES;
				CLANG_ENABLE_OBJC_WEAK = YES;
				CLANG_WARN_BLOCK_CAPTURE_AUTORELEASING = YES;
				CLANG_WARN_BOOL_CONVERSION = YES;
				CLANG_WARN_COMMA = YES;
				CLANG_WARN_CONSTANT_CONVERSION = YES;
				CLANG_WARN_DEPRECATED_OBJC_IMPLEMENTATIONS = YES;
				CLANG_WARN_DIRECT_OBJC_ISA_USAGE = YES_ERROR;
				CLANG_WARN_DOCUMENTATION_COMMENTS = YES;
				CLANG_WARN_EMPTY_BODY = YES;
				CLANG_WARN_ENUM_CONVERSION = YES;
				CLANG_WARN_INFINITE_RECURSION = YES;
				CLANG_WARN_INT_CONVERSION = YES;
				CLANG_WARN_NON_LITERAL_NULL_CONVERSION = YES;
				CLANG_WARN_OBJC_IMPLICIT_RETAIN_SELF = YES;
				CLANG_WARN_OBJC_LITERAL_CONVERSION = YES;
				CLANG_WARN_OBJC_ROOT_CLASS = YES_ERROR;
				CLANG_WARN_QUOTED_INCLUDE_IN_FRAMEWORK_HEADER = YES;
				CLANG_WARN_RANGE_LOOP_ANALYSIS = YES;
				CLANG_WARN_STRICT_PROTOTYPES = YES;
				CLANG_WARN_SUSPICIOUS_MOVE = YES;
				CLANG_WARN_UNGUARDED_AVAILABILITY = YES_AGGRESSIVE;
				CLANG_WARN_UNREACHABLE_CODE = YES;
				CLANG_WARN__DUPLICATE_METHOD_MATCH = YES;
				COPY_PHASE_STRIP = NO;
				DEBUG_INFORMATION_FORMAT = "dwarf-with-dsym";
				ENABLE_NS_ASSERTIONS = NO;
				ENABLE_STRICT_OBJC_MSGSEND = YES;
				GCC_C_LANGUAGE_STANDARD = gnu11;
				GCC_NO_COMMON_BLOCKS = YES;
				GCC_WARN_64_TO_32_BIT_CONVERSION = YES;
				GCC_WARN_ABOUT_RETURN_TYPE = YES_ERROR;
				GCC_WARN_UNDECLARED_SELECTOR = YES;
				GCC_WARN_UNINITIALIZED_AUTOS = YES_AGGRESSIVE;
				GCC_WARN_UNUSED_FUNCTION = YES;
				GCC_WARN_UNUSED_VARIABLE = YES;
				IPHONEOS_DEPLOYMENT_TARGET = 15.0;
				MTL_ENABLE_DEBUG_INFO = NO;
				MTL_FAST_MATH = YES;
				SDKROOT = iphoneos;
				SWIFT_COMPILATION_MODE = wholemodule;
				SWIFT_OPTIMIZATION_LEVEL = "-O";
				VALIDATE_PRODUCT = YES;
			};
			name = Release;
		};
		53E8F2A2273DBC5300BAEF00 /* Debug */ = {
			isa = XCBuildConfiguration;
			buildSettings = {
				ASSETCATALOG_COMPILER_APPICON_NAME = AppIcon;
				ASSETCATALOG_COMPILER_GLOBAL_ACCENT_COLOR_NAME = AccentColor;
				CODE_SIGN_STYLE = Automatic;
				CURRENT_PROJECT_VERSION = 1;
				DEVELOPMENT_TEAM = 9VNZUNTN97;
				GENERATE_INFOPLIST_FILE = YES;
				INFOPLIST_FILE = journal/Info.plist;
				INFOPLIST_KEY_UIApplicationSupportsIndirectInputEvents = YES;
				INFOPLIST_KEY_UILaunchStoryboardName = LaunchScreen;
				INFOPLIST_KEY_UIMainStoryboardFile = Main;
				INFOPLIST_KEY_UISupportedInterfaceOrientations_iPad = "UIInterfaceOrientationPortrait UIInterfaceOrientationPortraitUpsideDown UIInterfaceOrientationLandscapeLeft UIInterfaceOrientationLandscapeRight";
				INFOPLIST_KEY_UISupportedInterfaceOrientations_iPhone = "UIInterfaceOrientationPortrait UIInterfaceOrientationLandscapeLeft UIInterfaceOrientationLandscapeRight";
				LD_RUNPATH_SEARCH_PATHS = (
					"$(inherited)",
					"@executable_path/Frameworks",
				);
				MARKETING_VERSION = 1.0;
				PRODUCT_BUNDLE_IDENTIFIER = "Tyland-Sheard.journal";
				PRODUCT_NAME = "$(TARGET_NAME)";
				SWIFT_EMIT_LOC_STRINGS = YES;
				SWIFT_VERSION = 5.0;
				TARGETED_DEVICE_FAMILY = "1,2";
			};
			name = Debug;
		};
		53E8F2A3273DBC5300BAEF00 /* Release */ = {
			isa = XCBuildConfiguration;
			buildSettings = {
				ASSETCATALOG_COMPILER_APPICON_NAME = AppIcon;
				ASSETCATALOG_COMPILER_GLOBAL_ACCENT_COLOR_NAME = AccentColor;
				CODE_SIGN_STYLE = Automatic;
				CURRENT_PROJECT_VERSION = 1;
				DEVELOPMENT_TEAM = 9VNZUNTN97;
				GENERATE_INFOPLIST_FILE = YES;
				INFOPLIST_FILE = journal/Info.plist;
				INFOPLIST_KEY_UIApplicationSupportsIndirectInputEvents = YES;
				INFOPLIST_KEY_UILaunchStoryboardName = LaunchScreen;
				INFOPLIST_KEY_UIMainStoryboardFile = Main;
				INFOPLIST_KEY_UISupportedInterfaceOrientations_iPad = "UIInterfaceOrientationPortrait UIInterfaceOrientationPortraitUpsideDown UIInterfaceOrientationLandscapeLeft UIInterfaceOrientationLandscapeRight";
				INFOPLIST_KEY_UISupportedInterfaceOrientations_iPhone = "UIInterfaceOrientationPortrait UIInterfaceOrientationLandscapeLeft UIInterfaceOrientationLandscapeRight";
				LD_RUNPATH_SEARCH_PATHS = (
					"$(inherited)",
					"@executable_path/Frameworks",
				);
				MARKETING_VERSION = 1.0;
				PRODUCT_BUNDLE_IDENTIFIER = "Tyland-Sheard.journal";
				PRODUCT_NAME = "$(TARGET_NAME)";
				SWIFT_EMIT_LOC_STRINGS = YES;
				SWIFT_VERSION = 5.0;
				TARGETED_DEVICE_FAMILY = "1,2";
			};
			name = Release;
		};
		53E8F2A5273DBC5300BAEF00 /* Debug */ = {
			isa = XCBuildConfiguration;
			buildSettings = {
				ALWAYS_EMBED_SWIFT_STANDARD_LIBRARIES = YES;
				BUNDLE_LOADER = "$(TEST_HOST)";
				CODE_SIGN_STYLE = Automatic;
				CURRENT_PROJECT_VERSION = 1;
				DEVELOPMENT_TEAM = 9VNZUNTN97;
				GENERATE_INFOPLIST_FILE = YES;
				IPHONEOS_DEPLOYMENT_TARGET = 15.0;
				LD_RUNPATH_SEARCH_PATHS = (
					"$(inherited)",
					"@executable_path/Frameworks",
					"@loader_path/Frameworks",
				);
				MARKETING_VERSION = 1.0;
				PRODUCT_BUNDLE_IDENTIFIER = "Tyland-Sheard.journalTests";
				PRODUCT_NAME = "$(TARGET_NAME)";
				SWIFT_EMIT_LOC_STRINGS = NO;
				SWIFT_VERSION = 5.0;
				TARGETED_DEVICE_FAMILY = "1,2";
				TEST_HOST = "$(BUILT_PRODUCTS_DIR)/journal.app/journal";
			};
			name = Debug;
		};
		53E8F2A6273DBC5300BAEF00 /* Release */ = {
			isa = XCBuildConfiguration;
			buildSettings = {
				ALWAYS_EMBED_SWIFT_STANDARD_LIBRARIES = YES;
				BUNDLE_LOADER = "$(TEST_HOST)";
				CODE_SIGN_STYLE = Automatic;
				CURRENT_PROJECT_VERSION = 1;
				DEVELOPMENT_TEAM = 9VNZUNTN97;
				GENERATE_INFOPLIST_FILE = YES;
				IPHONEOS_DEPLOYMENT_TARGET = 15.0;
				LD_RUNPATH_SEARCH_PATHS = (
					"$(inherited)",
					"@executable_path/Frameworks",
					"@loader_path/Frameworks",
				);
				MARKETING_VERSION = 1.0;
				PRODUCT_BUNDLE_IDENTIFIER = "Tyland-Sheard.journalTests";
				PRODUCT_NAME = "$(TARGET_NAME)";
				SWIFT_EMIT_LOC_STRINGS = NO;
				SWIFT_VERSION = 5.0;
				TARGETED_DEVICE_FAMILY = "1,2";
				TEST_HOST = "$(BUILT_PRODUCTS_DIR)/journal.app/journal";
			};
			name = Release;
		};
		53E8F2A8273DBC5300BAEF00 /* Debug */ = {
			isa = XCBuildConfiguration;
			buildSettings = {
				ALWAYS_EMBED_SWIFT_STANDARD_LIBRARIES = YES;
				CODE_SIGN_STYLE = Automatic;
				CURRENT_PROJECT_VERSION = 1;
				DEVELOPMENT_TEAM = 9VNZUNTN97;
				GENERATE_INFOPLIST_FILE = YES;
				LD_RUNPATH_SEARCH_PATHS = (
					"$(inherited)",
					"@executable_path/Frameworks",
					"@loader_path/Frameworks",
				);
				MARKETING_VERSION = 1.0;
				PRODUCT_BUNDLE_IDENTIFIER = "Tyland-Sheard.journalUITests";
				PRODUCT_NAME = "$(TARGET_NAME)";
				SWIFT_EMIT_LOC_STRINGS = NO;
				SWIFT_VERSION = 5.0;
				TARGETED_DEVICE_FAMILY = "1,2";
				TEST_TARGET_NAME = journal;
			};
			name = Debug;
		};
		53E8F2A9273DBC5300BAEF00 /* Release */ = {
			isa = XCBuildConfiguration;
			buildSettings = {
				ALWAYS_EMBED_SWIFT_STANDARD_LIBRARIES = YES;
				CODE_SIGN_STYLE = Automatic;
				CURRENT_PROJECT_VERSION = 1;
				DEVELOPMENT_TEAM = 9VNZUNTN97;
				GENERATE_INFOPLIST_FILE = YES;
				LD_RUNPATH_SEARCH_PATHS = (
					"$(inherited)",
					"@executable_path/Frameworks",
					"@loader_path/Frameworks",
				);
				MARKETING_VERSION = 1.0;
				PRODUCT_BUNDLE_IDENTIFIER = "Tyland-Sheard.journalUITests";
				PRODUCT_NAME = "$(TARGET_NAME)";
				SWIFT_EMIT_LOC_STRINGS = NO;
				SWIFT_VERSION = 5.0;
				TARGETED_DEVICE_FAMILY = "1,2";
				TEST_TARGET_NAME = journal;
			};
			name = Release;
		};
/* End XCBuildConfiguration section */

/* Begin XCConfigurationList section */
		53E8F272273DBC4E00BAEF00 /* Build configuration list for PBXProject "journal" */ = {
			isa = XCConfigurationList;
			buildConfigurations = (
				53E8F29F273DBC5300BAEF00 /* Debug */,
				53E8F2A0273DBC5300BAEF00 /* Release */,
			);
			defaultConfigurationIsVisible = 0;
			defaultConfigurationName = Release;
		};
		53E8F2A1273DBC5300BAEF00 /* Build configuration list for PBXNativeTarget "journal" */ = {
			isa = XCConfigurationList;
			buildConfigurations = (
				53E8F2A2273DBC5300BAEF00 /* Debug */,
				53E8F2A3273DBC5300BAEF00 /* Release */,
			);
			defaultConfigurationIsVisible = 0;
			defaultConfigurationName = Release;
		};
		53E8F2A4273DBC5300BAEF00 /* Build configuration list for PBXNativeTarget "journalTests" */ = {
			isa = XCConfigurationList;
			buildConfigurations = (
				53E8F2A5273DBC5300BAEF00 /* Debug */,
				53E8F2A6273DBC5300BAEF00 /* Release */,
			);
			defaultConfigurationIsVisible = 0;
			defaultConfigurationName = Release;
		};
		53E8F2A7273DBC5300BAEF00 /* Build configuration list for PBXNativeTarget "journalUITests" */ = {
			isa = XCConfigurationList;
			buildConfigurations = (
				53E8F2A8273DBC5300BAEF00 /* Debug */,
				53E8F2A9273DBC5300BAEF00 /* Release */,
			);
			defaultConfigurationIsVisible = 0;
			defaultConfigurationName = Release;
		};
/* End XCConfigurationList section */
	};
	rootObject = 53E8F26F273DBC4E00BAEF00 /* Project object */;
}
